
Microsoft Visual Studio Solution File, Format Version 11.00
# Visual Studio 2010
Project("{8BC9CEB8-8B4A-11D0-8D11-00A0C91BC942}") = "NIHBVH", "NIHBVH\NIHBVH.vcxproj", "{E9C59D0B-C690-4087-9AED-B828C55A94BD}"
EndProject
Project("{8BC9CEB8-8B4A-11D0-8D11-00A0C91BC942}") = "NIHGPUBVH", "NIHGPUBVH\NIHGPUBVH.vcxproj", "{CBABE7DC-D9DF-4EFD-AF4C-94A7883705AD}"
EndProject
Project("{8BC9CEB8-8B4A-11D0-8D11-00A0C91BC942}") = "CudaEmpty", "CudaEmpty\CudaEmpty.vcxproj", "{6AE458B1-BC7E-4044-851A-4A8E2A6041E8}"
EndProject
Project("{8BC9CEB8-8B4A-11D0-8D11-00A0C91BC942}") = "Empty", "Empty\Empty.vcxproj", "{9822BD76-E75B-425D-BFB1-36DEC338E67E}"
EndProject
Project("{8BC9CEB8-8B4A-11D0-8D11-00A0C91BC942}") = "NIHGPUBVHDll", "NIHGPUBVHDll\NIHGPUBVHDll.vcxproj", "{EAA32A97-4C07-422E-B260-D5768E8159EC}"
EndProject
Project("{8BC9CEB8-8B4A-11D0-8D11-00A0C91BC942}") = "KLBVH", "KLBVH\KLBVH.vcxproj", "{B332D2E4-D6FB-4103-A683-F3D1A23DF992}"
EndProject
Global
	GlobalSection(SolutionConfigurationPlatforms) = preSolution
		Debug|Win32 = Debug|Win32
		Debug|x64 = Debug|x64
		Release|Win32 = Release|Win32
		Release|x64 = Release|x64
	EndGlobalSection
	GlobalSection(ProjectConfigurationPlatforms) = postSolution
		{E9C59D0B-C690-4087-9AED-B828C55A94BD}.Debug|Win32.ActiveCfg = Debug|Win32
		{E9C59D0B-C690-4087-9AED-B828C55A94BD}.Debug|Win32.Build.0 = Debug|Win32
		{E9C59D0B-C690-4087-9AED-B828C55A94BD}.Debug|x64.ActiveCfg = Debug|Win32
		{E9C59D0B-C690-4087-9AED-B828C55A94BD}.Release|Win32.ActiveCfg = Release|Win32
		{E9C59D0B-C690-4087-9AED-B828C55A94BD}.Release|Win32.Build.0 = Release|Win32
		{E9C59D0B-C690-4087-9AED-B828C55A94BD}.Release|x64.ActiveCfg = Release|Win32
		{CBABE7DC-D9DF-4EFD-AF4C-94A7883705AD}.Debug|Win32.ActiveCfg = Debug|Win32
		{CBABE7DC-D9DF-4EFD-AF4C-94A7883705AD}.Debug|Win32.Build.0 = Debug|Win32
		{CBABE7DC-D9DF-4EFD-AF4C-94A7883705AD}.Debug|x64.ActiveCfg = Debug|x64
		{CBABE7DC-D9DF-4EFD-AF4C-94A7883705AD}.Debug|x64.Build.0 = Debug|x64
		{CBABE7DC-D9DF-4EFD-AF4C-94A7883705AD}.Release|Win32.ActiveCfg = Release|Win32
		{CBABE7DC-D9DF-4EFD-AF4C-94A7883705AD}.Release|Win32.Build.0 = Release|Win32
		{CBABE7DC-D9DF-4EFD-AF4C-94A7883705AD}.Release|x64.ActiveCfg = Release|x64
		{CBABE7DC-D9DF-4EFD-AF4C-94A7883705AD}.Release|x64.Build.0 = Release|x64
		{6AE458B1-BC7E-4044-851A-4A8E2A6041E8}.Debug|Win32.ActiveCfg = Debug|Win32
		{6AE458B1-BC7E-4044-851A-4A8E2A6041E8}.Debug|Win32.Build.0 = Debug|Win32
		{6AE458B1-BC7E-4044-851A-4A8E2A6041E8}.Debug|x64.ActiveCfg = Debug|x64
		{6AE458B1-BC7E-4044-851A-4A8E2A6041E8}.Debug|x64.Build.0 = Debug|x64
		{6AE458B1-BC7E-4044-851A-4A8E2A6041E8}.Release|Win32.ActiveCfg = Release|Win32
		{6AE458B1-BC7E-4044-851A-4A8E2A6041E8}.Release|Win32.Build.0 = Release|Win32
		{6AE458B1-BC7E-4044-851A-4A8E2A6041E8}.Release|x64.ActiveCfg = Release|x64
		{6AE458B1-BC7E-4044-851A-4A8E2A6041E8}.Release|x64.Build.0 = Release|x64
		{9822BD76-E75B-425D-BFB1-36DEC338E67E}.Debug|Win32.ActiveCfg = Debug|Win32
		{9822BD76-E75B-425D-BFB1-36DEC338E67E}.Debug|Win32.Build.0 = Debug|Win32
		{9822BD76-E75B-425D-BFB1-36DEC338E67E}.Debug|x64.ActiveCfg = Debug|Win32
		{9822BD76-E75B-425D-BFB1-36DEC338E67E}.Release|Win32.ActiveCfg = Release|Win32
		{9822BD76-E75B-425D-BFB1-36DEC338E67E}.Release|Win32.Build.0 = Release|Win32
		{9822BD76-E75B-425D-BFB1-36DEC338E67E}.Release|x64.ActiveCfg = Release|Win32
		{EAA32A97-4C07-422E-B260-D5768E8159EC}.Debug|Win32.ActiveCfg = Debug|Win32
		{EAA32A97-4C07-422E-B260-D5768E8159EC}.Debug|Win32.Build.0 = Debug|Win32
		{EAA32A97-4C07-422E-B260-D5768E8159EC}.Debug|x64.ActiveCfg = Debug|x64
		{EAA32A97-4C07-422E-B260-D5768E8159EC}.Debug|x64.Build.0 = Debug|x64
		{EAA32A97-4C07-422E-B260-D5768E8159EC}.Release|Win32.ActiveCfg = Release|Win32
		{EAA32A97-4C07-422E-B260-D5768E8159EC}.Release|Win32.Build.0 = Release|Win32
		{EAA32A97-4C07-422E-B260-D5768E8159EC}.Release|x64.ActiveCfg = Release|x64
		{EAA32A97-4C07-422E-B260-D5768E8159EC}.Release|x64.Build.0 = Release|x64
		{B332D2E4-D6FB-4103-A683-F3D1A23DF992}.Debug|Win32.ActiveCfg = Debug|Win32
		{B332D2E4-D6FB-4103-A683-F3D1A23DF992}.Debug|Win32.Build.0 = Debug|Win32
		{B332D2E4-D6FB-4103-A683-F3D1A23DF992}.Debug|x64.ActiveCfg = Debug|x64
		{B332D2E4-D6FB-4103-A683-F3D1A23DF992}.Debug|x64.Build.0 = Debug|x64
		{B332D2E4-D6FB-4103-A683-F3D1A23DF992}.Release|Win32.ActiveCfg = Release|Win32
		{B332D2E4-D6FB-4103-A683-F3D1A23DF992}.Release|Win32.Build.0 = Release|Win32
		{B332D2E4-D6FB-4103-A683-F3D1A23DF992}.Release|x64.ActiveCfg = Release|x64
		{B332D2E4-D6FB-4103-A683-F3D1A23DF992}.Release|x64.Build.0 = Release|x64
	EndGlobalSection
	GlobalSection(SolutionProperties) = preSolution
		HideSolutionNode = FALSE
	EndGlobalSection
EndGlobal
